
Microsoft Visual Studio Solution File, Format Version 12.00
# Visual Studio 14
VisualStudioVersion = 14.0.25420.1
MinimumVisualStudioVersion = 10.0.40219.1
Project("{FAE04EC0-301F-11D3-BF4B-00C04F79EFBC}") = "RGA", "RGA\RGA.csproj", "{491DE6C6-1681-49B8-92FD-982CA883DA63}"
EndProject
Project("{FAE04EC0-301F-11D3-BF4B-00C04F79EFBC}") = "RGA.Tests", "RGA.Tests\RGA.Tests.csproj", "{2B4DE882-8EAA-4419-B252-5956D3704D6E}"
EndProject
Global
	GlobalSection(SolutionConfigurationPlatforms) = preSolution
		Debug|Any CPU = Debug|Any CPU
		Release|Any CPU = Release|Any CPU
	EndGlobalSection
	GlobalSection(ProjectConfigurationPlatforms) = postSolution
		{491DE6C6-1681-49B8-92FD-982CA883DA63}.Debug|Any CPU.ActiveCfg = Debug|Any CPU
		{491DE6C6-1681-49B8-92FD-982CA883DA63}.Debug|Any CPU.Build.0 = Debug|Any CPU
		{491DE6C6-1681-49B8-92FD-982CA883DA63}.Release|Any CPU.ActiveCfg = Release|Any CPU
		{491DE6C6-1681-49B8-92FD-982CA883DA63}.Release|Any CPU.Build.0 = Release|Any CPU
		{2B4DE882-8EAA-4419-B252-5956D3704D6E}.Debug|Any CPU.ActiveCfg = Debug|Any CPU
		{2B4DE882-8EAA-4419-B252-5956D3704D6E}.Debug|Any CPU.Build.0 = Debug|Any CPU
		{2B4DE882-8EAA-4419-B252-5956D3704D6E}.Release|Any CPU.ActiveCfg = Release|Any CPU
		{2B4DE882-8EAA-4419-B252-5956D3704D6E}.Release|Any CPU.Build.0 = Release|Any CPU
	EndGlobalSection
	GlobalSection(SolutionProperties) = preSolution
		HideSolutionNode = FALSE
	EndGlobalSection
EndGlobal
